
Microsoft Visual Studio Solution File, Format Version 12.00
# Visual Studio Version 17
VisualStudioVersion = 17.0.31903.59
MinimumVisualStudioVersion = 10.0.40219.1
Project("{2150E333-8FDC-42A3-9474-1A3956D46DE8}") = "helper", "helper", "{6E3B80E4-E889-6BA4-2A7C-AE44FC211B39}"
EndProject
Project("{FAE04EC0-301F-11D3-BF4B-00C04F79EFBC}") = "MicrosoftWidgets.Helper.Tests", "..\microsoft-widgets-helper\tests\MicrosoftWidgets.Helper.Tests\MicrosoftWidgets.Helper.Tests.csproj", "{E41D19EB-375E-4B49-A367-B0A39A820C1E}"
EndProject
Project("{FAE04EC0-301F-11D3-BF4B-00C04F79EFBC}") = "MicrosoftWidgets.Helper", "..\microsoft-widgets-helper\src\MicrosoftWidgets.Helper\MicrosoftWidgets.Helper.csproj", "{B6537D63-A898-4A5A-A7A2-E513540A5D34}"
EndProject
Global
	GlobalSection(SolutionConfigurationPlatforms) = preSolution
		Debug|Any CPU = Debug|Any CPU
		Debug|x64 = Debug|x64
		Debug|x86 = Debug|x86
		Release|Any CPU = Release|Any CPU
		Release|x64 = Release|x64
		Release|x86 = Release|x86
	EndGlobalSection
	GlobalSection(ProjectConfigurationPlatforms) = postSolution
		{E41D19EB-375E-4B49-A367-B0A39A820C1E}.Debug|Any CPU.ActiveCfg = Debug|Any CPU
		{E41D19EB-375E-4B49-A367-B0A39A820C1E}.Debug|Any CPU.Build.0 = Debug|Any CPU
		{E41D19EB-375E-4B49-A367-B0A39A820C1E}.Debug|x64.ActiveCfg = Debug|Any CPU
		{E41D19EB-375E-4B49-A367-B0A39A820C1E}.Debug|x64.Build.0 = Debug|Any CPU
		{E41D19EB-375E-4B49-A367-B0A39A820C1E}.Debug|x86.ActiveCfg = Debug|Any CPU
		{E41D19EB-375E-4B49-A367-B0A39A820C1E}.Debug|x86.Build.0 = Debug|Any CPU
		{E41D19EB-375E-4B49-A367-B0A39A820C1E}.Release|Any CPU.ActiveCfg = Release|Any CPU
		{E41D19EB-375E-4B49-A367-B0A39A820C1E}.Release|Any CPU.Build.0 = Release|Any CPU
		{E41D19EB-375E-4B49-A367-B0A39A820C1E}.Release|x64.ActiveCfg = Release|Any CPU
		{E41D19EB-375E-4B49-A367-B0A39A820C1E}.Release|x64.Build.0 = Release|Any CPU
		{E41D19EB-375E-4B49-A367-B0A39A820C1E}.Release|x86.ActiveCfg = Release|Any CPU
		{E41D19EB-375E-4B49-A367-B0A39A820C1E}.Release|x86.Build.0 = Release|Any CPU
		{B6537D63-A898-4A5A-A7A2-E513540A5D34}.Debug|Any CPU.ActiveCfg = Debug|Any CPU
		{B6537D63-A898-4A5A-A7A2-E513540A5D34}.Debug|Any CPU.Build.0 = Debug|Any CPU
		{B6537D63-A898-4A5A-A7A2-E513540A5D34}.Debug|x64.ActiveCfg = Debug|Any CPU
		{B6537D63-A898-4A5A-A7A2-E513540A5D34}.Debug|x64.Build.0 = Debug|Any CPU
		{B6537D63-A898-4A5A-A7A2-E513540A5D34}.Debug|x86.ActiveCfg = Debug|Any CPU
		{B6537D63-A898-4A5A-A7A2-E513540A5D34}.Debug|x86.Build.0 = Debug|Any CPU
		{B6537D63-A898-4A5A-A7A2-E513540A5D34}.Release|Any CPU.ActiveCfg = Release|Any CPU
		{B6537D63-A898-4A5A-A7A2-E513540A5D34}.Release|Any CPU.Build.0 = Release|Any CPU
		{B6537D63-A898-4A5A-A7A2-E513540A5D34}.Release|x64.ActiveCfg = Release|Any CPU
		{B6537D63-A898-4A5A-A7A2-E513540A5D34}.Release|x64.Build.0 = Release|Any CPU
		{B6537D63-A898-4A5A-A7A2-E513540A5D34}.Release|x86.ActiveCfg = Release|Any CPU
		{B6537D63-A898-4A5A-A7A2-E513540A5D34}.Release|x86.Build.0 = Release|Any CPU
	EndGlobalSection
	GlobalSection(SolutionProperties) = preSolution
		HideSolutionNode = FALSE
	EndGlobalSection
	GlobalSection(NestedProjects) = preSolution
		{E41D19EB-375E-4B49-A367-B0A39A820C1E} = {6E3B80E4-E889-6BA4-2A7C-AE44FC211B39}
		{B6537D63-A898-4A5A-A7A2-E513540A5D34} = {6E3B80E4-E889-6BA4-2A7C-AE44FC211B39}
	EndGlobalSection
EndGlobal
